// !$*UTF8*$!
{
	archiveVersion = 1;
	classes = {
	};
	objectVersion = 55;
	objects = {

/* Begin PBXBuildFile section */
		A80498B028AAB83D0016146A /* Monitor.swift in Sources */ = {isa = PBXBuildFile; fileRef = A80498AF28AAB83D0016146A /* Monitor.swift */; };
		A8111EC329C787C3002A980C /* View.swift in Sources */ = {isa = PBXBuildFile; fileRef = A8111EC229C787C3002A980C /* View.swift */; };
		A8111EC529C7A190002A980C /* Set.swift in Sources */ = {isa = PBXBuildFile; fileRef = A8111EC429C7A190002A980C /* Set.swift */; };
		A81519942A0B5C1600595D6B /* Table.swift in Sources */ = {isa = PBXBuildFile; fileRef = A81519932A0B5C1600595D6B /* Table.swift */; };
		A81519962A0B5C8200595D6B /* Value.swift in Sources */ = {isa = PBXBuildFile; fileRef = A81519952A0B5C8200595D6B /* Value.swift */; };
		A81519982A0B88D400595D6B /* Feature.swift in Sources */ = {isa = PBXBuildFile; fileRef = A81519972A0B88D400595D6B /* Feature.swift */; };
		A815199B2A0C946800595D6B /* DependencyInjector.swift in Sources */ = {isa = PBXBuildFile; fileRef = A815199A2A0C946800595D6B /* DependencyInjector.swift */; };
		A815199D2A0C947300595D6B /* AppState.swift in Sources */ = {isa = PBXBuildFile; fileRef = A815199C2A0C947300595D6B /* AppState.swift */; };
		A836DEC02A2E0F3F002DF658 /* NSAppearance.swift in Sources */ = {isa = PBXBuildFile; fileRef = A836DEBF2A2E0F3F002DF658 /* NSAppearance.swift */; };
		A83E46112A0CD31000FF19AE /* Repository.swift in Sources */ = {isa = PBXBuildFile; fileRef = A83E46102A0CD31000FF19AE /* Repository.swift */; };
		A83E46142A0CD36200FF19AE /* Dao.swift in Sources */ = {isa = PBXBuildFile; fileRef = A83E46132A0CD36200FF19AE /* Dao.swift */; };
		A83E46162A0CD37F00FF19AE /* DataDao.swift in Sources */ = {isa = PBXBuildFile; fileRef = A83E46152A0CD37F00FF19AE /* DataDao.swift */; };
		A83E46182A0CD38E00FF19AE /* PreferenceDao.swift in Sources */ = {isa = PBXBuildFile; fileRef = A83E46172A0CD38E00FF19AE /* PreferenceDao.swift */; };
		A83E461A2A0CD3C200FF19AE /* DataInteractor.swift in Sources */ = {isa = PBXBuildFile; fileRef = A83E46192A0CD3C200FF19AE /* DataInteractor.swift */; };
		A83E461C2A0CD3CC00FF19AE /* PreferenceInteractor.swift in Sources */ = {isa = PBXBuildFile; fileRef = A83E461B2A0CD3CC00FF19AE /* PreferenceInteractor.swift */; };
		A83E46202A0CDC3400FF19AE /* CustomButton.swift in Sources */ = {isa = PBXBuildFile; fileRef = A83E461F2A0CDC3400FF19AE /* CustomButton.swift */; };
		A83E46222A0D262200FF19AE /* ButtonPanel.swift in Sources */ = {isa = PBXBuildFile; fileRef = A83E46212A0D262200FF19AE /* ButtonPanel.swift */; };
		A83E46242A0D2BD400FF19AE /* SystemInteractor.swift in Sources */ = {isa = PBXBuildFile; fileRef = A83E46232A0D2BD400FF19AE /* SystemInteractor.swift */; };
		A83E46292A13919200FF19AE /* General.swift in Sources */ = {isa = PBXBuildFile; fileRef = A83E46282A13919200FF19AE /* General.swift */; };
		A87D173529C5CD6300D8B331 /* Dev.swift in Sources */ = {isa = PBXBuildFile; fileRef = A87D173429C5CD6300D8B331 /* Dev.swift */; };
		A884C95928845BE000E30F86 /* ButtonData.swift in Sources */ = {isa = PBXBuildFile; fileRef = A884C95828845BE000E30F86 /* ButtonData.swift */; };
		A884C95D2884803F00E30F86 /* NSTableView.swift in Sources */ = {isa = PBXBuildFile; fileRef = A884C95C2884803F00E30F86 /* NSTableView.swift */; };
		A884C95F2886736100E30F86 /* UserButton.swift in Sources */ = {isa = PBXBuildFile; fileRef = A884C95E2886736100E30F86 /* UserButton.swift */; };
		A884C96128867FCA00E30F86 /* Info.swift in Sources */ = {isa = PBXBuildFile; fileRef = A884C96028867FCA00E30F86 /* Info.swift */; };
		A884C98528885FE700E30F86 /* ButtonData.xcdatamodeld in Sources */ = {isa = PBXBuildFile; fileRef = A884C98328885FE700E30F86 /* ButtonData.xcdatamodeld */; };
		A884C987288861DC00E30F86 /* Setting.swift in Sources */ = {isa = PBXBuildFile; fileRef = A884C986288861DC00E30F86 /* Setting.swift */; };
		A888FF212A610E21002DC299 /* Secret.swift in Sources */ = {isa = PBXBuildFile; fileRef = A888FF202A610E21002DC299 /* Secret.swift */; };
		A888FF232A610F3F002DC299 /* System.swift in Sources */ = {isa = PBXBuildFile; fileRef = A888FF222A610F3F002DC299 /* System.swift */; };
		A8A2C6F3288E75C400D75458 /* WidgetStatus.swift in Sources */ = {isa = PBXBuildFile; fileRef = A8A2C6F2288E75C400D75458 /* WidgetStatus.swift */; };
		A8A2C6F628900EC800D75458 /* SwiftUIListReorder.swift in Sources */ = {isa = PBXBuildFile; fileRef = A8A2C6F528900EC800D75458 /* SwiftUIListReorder.swift */; };
		A8A32D892A687E1200090F1C /* Sparkle in Frameworks */ = {isa = PBXBuildFile; productRef = A8A32D882A687E1200090F1C /* Sparkle */; };
		A8A32D8B2A687E1500090F1C /* Sworm in Frameworks */ = {isa = PBXBuildFile; productRef = A8A32D8A2A687E1500090F1C /* Sworm */; };
		A8A32D8D2A687E1700090F1C /* Ditto in Frameworks */ = {isa = PBXBuildFile; productRef = A8A32D8C2A687E1700090F1C /* Ditto */; };
		A8D3212C287D225100216B61 /* App.swift in Sources */ = {isa = PBXBuildFile; fileRef = A8D3212B287D225100216B61 /* App.swift */; };
		A8D3212E287D225100216B61 /* ContentView.swift in Sources */ = {isa = PBXBuildFile; fileRef = A8D3212D287D225100216B61 /* ContentView.swift */; };
		A8D32130287D225400216B61 /* Assets.xcassets in Resources */ = {isa = PBXBuildFile; fileRef = A8D3212F287D225400216B61 /* Assets.xcassets */; };
		A8D32133287D225400216B61 /* Preview Assets.xcassets in Resources */ = {isa = PBXBuildFile; fileRef = A8D32132287D225400216B61 /* Preview Assets.xcassets */; };
		A8D3214A287D672C00216B61 /* NSImage.swift in Sources */ = {isa = PBXBuildFile; fileRef = A8D32149287D672C00216B61 /* NSImage.swift */; };
		A8D3214D287D7FBC00216B61 /* Color.swift in Sources */ = {isa = PBXBuildFile; fileRef = A8D3214C287D7FBC00216B61 /* Color.swift */; };
		A8D3214F287D8AB400216B61 /* ButtonCustom.swift in Sources */ = {isa = PBXBuildFile; fileRef = A8D3214E287D8AB400216B61 /* ButtonCustom.swift */; };
		A8D32152287DBD4300216B61 /* Connecting.swift in Sources */ = {isa = PBXBuildFile; fileRef = A8D32151287DBD4300216B61 /* Connecting.swift */; };
		A8D32158287DD7F200216B61 /* TextLink.swift in Sources */ = {isa = PBXBuildFile; fileRef = A8D32157287DD7F200216B61 /* TextLink.swift */; };
		A8D3215A287DD9D500216B61 /* Deployment.swift in Sources */ = {isa = PBXBuildFile; fileRef = A8D32159287DD9D500216B61 /* Deployment.swift */; };
		A8D3215C287DDA2500216B61 /* Other.swift in Sources */ = {isa = PBXBuildFile; fileRef = A8D3215B287DDA2500216B61 /* Other.swift */; };
/* End PBXBuildFile section */

/* Begin PBXCopyFilesBuildPhase section */
		A8A2C6D5288E645C00D75458 /* Embed Foundation Extensions */ = {
			isa = PBXCopyFilesBuildPhase;
			buildActionMask = 2147483647;
			dstPath = "";
			dstSubfolderSpec = 13;
			files = (
			);
			name = "Embed Foundation Extensions";
			runOnlyForDeploymentPostprocessing = 0;
		};
/* End PBXCopyFilesBuildPhase section */

/* Begin PBXFileReference section */
		A80498AF28AAB83D0016146A /* Monitor.swift */ = {isa = PBXFileReference; lastKnownFileType = sourcecode.swift; path = Monitor.swift; sourceTree = "<group>"; };
		A8111EC229C787C3002A980C /* View.swift */ = {isa = PBXFileReference; lastKnownFileType = sourcecode.swift; path = View.swift; sourceTree = "<group>"; };
		A8111EC429C7A190002A980C /* Set.swift */ = {isa = PBXFileReference; lastKnownFileType = sourcecode.swift; path = Set.swift; sourceTree = "<group>"; };
		A81519932A0B5C1600595D6B /* Table.swift */ = {isa = PBXFileReference; lastKnownFileType = sourcecode.swift; path = Table.swift; sourceTree = "<group>"; };
		A81519952A0B5C8200595D6B /* Value.swift */ = {isa = PBXFileReference; lastKnownFileType = sourcecode.swift; path = Value.swift; sourceTree = "<group>"; };
		A81519972A0B88D400595D6B /* Feature.swift */ = {isa = PBXFileReference; lastKnownFileType = sourcecode.swift; path = Feature.swift; sourceTree = "<group>"; };
		A815199A2A0C946800595D6B /* DependencyInjector.swift */ = {isa = PBXFileReference; lastKnownFileType = sourcecode.swift; path = DependencyInjector.swift; sourceTree = "<group>"; };
		A815199C2A0C947300595D6B /* AppState.swift */ = {isa = PBXFileReference; lastKnownFileType = sourcecode.swift; path = AppState.swift; sourceTree = "<group>"; };
		A836DEBF2A2E0F3F002DF658 /* NSAppearance.swift */ = {isa = PBXFileReference; lastKnownFileType = sourcecode.swift; path = NSAppearance.swift; sourceTree = "<group>"; };
		A83E46102A0CD31000FF19AE /* Repository.swift */ = {isa = PBXFileReference; lastKnownFileType = sourcecode.swift; path = Repository.swift; sourceTree = "<group>"; };
		A83E46132A0CD36200FF19AE /* Dao.swift */ = {isa = PBXFileReference; lastKnownFileType = sourcecode.swift; path = Dao.swift; sourceTree = "<group>"; };
		A83E46152A0CD37F00FF19AE /* DataDao.swift */ = {isa = PBXFileReference; lastKnownFileType = sourcecode.swift; path = DataDao.swift; sourceTree = "<group>"; };
		A83E46172A0CD38E00FF19AE /* PreferenceDao.swift */ = {isa = PBXFileReference; lastKnownFileType = sourcecode.swift; path = PreferenceDao.swift; sourceTree = "<group>"; };
		A83E46192A0CD3C200FF19AE /* DataInteractor.swift */ = {isa = PBXFileReference; lastKnownFileType = sourcecode.swift; path = DataInteractor.swift; sourceTree = "<group>"; };
		A83E461B2A0CD3CC00FF19AE /* PreferenceInteractor.swift */ = {isa = PBXFileReference; lastKnownFileType = sourcecode.swift; path = PreferenceInteractor.swift; sourceTree = "<group>"; };
		A83E461F2A0CDC3400FF19AE /* CustomButton.swift */ = {isa = PBXFileReference; lastKnownFileType = sourcecode.swift; path = CustomButton.swift; sourceTree = "<group>"; };
		A83E46212A0D262200FF19AE /* ButtonPanel.swift */ = {isa = PBXFileReference; lastKnownFileType = sourcecode.swift; path = ButtonPanel.swift; sourceTree = "<group>"; };
		A83E46232A0D2BD400FF19AE /* SystemInteractor.swift */ = {isa = PBXFileReference; lastKnownFileType = sourcecode.swift; path = SystemInteractor.swift; sourceTree = "<group>"; };
		A83E46282A13919200FF19AE /* General.swift */ = {isa = PBXFileReference; lastKnownFileType = sourcecode.swift; path = General.swift; sourceTree = "<group>"; };
		A87D173429C5CD6300D8B331 /* Dev.swift */ = {isa = PBXFileReference; lastKnownFileType = sourcecode.swift; path = Dev.swift; sourceTree = "<group>"; };
		A884C95828845BE000E30F86 /* ButtonData.swift */ = {isa = PBXFileReference; lastKnownFileType = sourcecode.swift; path = ButtonData.swift; sourceTree = "<group>"; };
		A884C95C2884803F00E30F86 /* NSTableView.swift */ = {isa = PBXFileReference; lastKnownFileType = sourcecode.swift; path = NSTableView.swift; sourceTree = "<group>"; };
		A884C95E2886736100E30F86 /* UserButton.swift */ = {isa = PBXFileReference; lastKnownFileType = sourcecode.swift; path = UserButton.swift; sourceTree = "<group>"; };
		A884C96028867FCA00E30F86 /* Info.swift */ = {isa = PBXFileReference; lastKnownFileType = sourcecode.swift; path = Info.swift; sourceTree = "<group>"; };
		A884C98428885FE700E30F86 /* ButtonData.xcdatamodel */ = {isa = PBXFileReference; lastKnownFileType = wrapper.xcdatamodel; path = ButtonData.xcdatamodel; sourceTree = "<group>"; };
		A884C986288861DC00E30F86 /* Setting.swift */ = {isa = PBXFileReference; lastKnownFileType = sourcecode.swift; path = Setting.swift; sourceTree = "<group>"; };
		A888FF202A610E21002DC299 /* Secret.swift */ = {isa = PBXFileReference; lastKnownFileType = sourcecode.swift; path = Secret.swift; sourceTree = "<group>"; };
		A888FF222A610F3F002DC299 /* System.swift */ = {isa = PBXFileReference; lastKnownFileType = sourcecode.swift; path = System.swift; sourceTree = "<group>"; };
		A8A2C6C6288E645B00D75458 /* SwiftUI.framework */ = {isa = PBXFileReference; lastKnownFileType = wrapper.framework; name = SwiftUI.framework; path = System/Library/Frameworks/SwiftUI.framework; sourceTree = SDKROOT; };
		A8A2C6F2288E75C400D75458 /* WidgetStatus.swift */ = {isa = PBXFileReference; lastKnownFileType = sourcecode.swift; path = WidgetStatus.swift; sourceTree = "<group>"; };
		A8A2C6F528900EC800D75458 /* SwiftUIListReorder.swift */ = {isa = PBXFileReference; lastKnownFileType = sourcecode.swift; path = SwiftUIListReorder.swift; sourceTree = "<group>"; };
		A8D32128287D225100216B61 /* Bito Pro Secret.app */ = {isa = PBXFileReference; explicitFileType = wrapper.application; includeInIndex = 0; path = "Bito Pro Secret.app"; sourceTree = BUILT_PRODUCTS_DIR; };
		A8D3212B287D225100216B61 /* App.swift */ = {isa = PBXFileReference; lastKnownFileType = sourcecode.swift; path = App.swift; sourceTree = "<group>"; };
		A8D3212D287D225100216B61 /* ContentView.swift */ = {isa = PBXFileReference; lastKnownFileType = sourcecode.swift; path = ContentView.swift; sourceTree = "<group>"; };
		A8D3212F287D225400216B61 /* Assets.xcassets */ = {isa = PBXFileReference; lastKnownFileType = folder.assetcatalog; path = Assets.xcassets; sourceTree = "<group>"; };
		A8D32132287D225400216B61 /* Preview Assets.xcassets */ = {isa = PBXFileReference; lastKnownFileType = folder.assetcatalog; path = "Preview Assets.xcassets"; sourceTree = "<group>"; };
		A8D32134287D225400216B61 /* Bito_Pro_Secret.entitlements */ = {isa = PBXFileReference; lastKnownFileType = text.plist.entitlements; path = Bito_Pro_Secret.entitlements; sourceTree = "<group>"; };
		A8D32142287D52D600216B61 /* Secret.swift.backup */ = {isa = PBXFileReference; lastKnownFileType = text; path = Secret.swift.backup; sourceTree = "<group>"; };
		A8D32149287D672C00216B61 /* NSImage.swift */ = {isa = PBXFileReference; lastKnownFileType = sourcecode.swift; path = NSImage.swift; sourceTree = "<group>"; };
		A8D3214B287D6A4700216B61 /* Bito-Pro-Secret-Info.plist */ = {isa = PBXFileReference; lastKnownFileType = text.plist; path = "Bito-Pro-Secret-Info.plist"; sourceTree = SOURCE_ROOT; };
		A8D3214C287D7FBC00216B61 /* Color.swift */ = {isa = PBXFileReference; lastKnownFileType = sourcecode.swift; path = Color.swift; sourceTree = "<group>"; };
		A8D3214E287D8AB400216B61 /* ButtonCustom.swift */ = {isa = PBXFileReference; lastKnownFileType = sourcecode.swift; path = ButtonCustom.swift; sourceTree = "<group>"; };
		A8D32151287DBD4300216B61 /* Connecting.swift */ = {isa = PBXFileReference; lastKnownFileType = sourcecode.swift; path = Connecting.swift; sourceTree = "<group>"; };
		A8D32157287DD7F200216B61 /* TextLink.swift */ = {isa = PBXFileReference; lastKnownFileType = sourcecode.swift; path = TextLink.swift; sourceTree = "<group>"; };
		A8D32159287DD9D500216B61 /* Deployment.swift */ = {isa = PBXFileReference; lastKnownFileType = sourcecode.swift; path = Deployment.swift; sourceTree = "<group>"; };
		A8D3215B287DDA2500216B61 /* Other.swift */ = {isa = PBXFileReference; lastKnownFileType = sourcecode.swift; path = Other.swift; sourceTree = "<group>"; };
/* End PBXFileReference section */

/* Begin PBXFrameworksBuildPhase section */
		A8D32125287D225100216B61 /* Frameworks */ = {
			isa = PBXFrameworksBuildPhase;
			buildActionMask = 2147483647;
			files = (
				A8A32D8D2A687E1700090F1C /* Ditto in Frameworks */,
				A8A32D892A687E1200090F1C /* Sparkle in Frameworks */,
				A8A32D8B2A687E1500090F1C /* Sworm in Frameworks */,
			);
			runOnlyForDeploymentPostprocessing = 0;
		};
/* End PBXFrameworksBuildPhase section */

/* Begin PBXGroup section */
		A81519922A0B5BFF00595D6B /* SQL */ = {
			isa = PBXGroup;
			children = (
				A81519932A0B5C1600595D6B /* Table.swift */,
				A81519952A0B5C8200595D6B /* Value.swift */,
			);
			path = SQL;
			sourceTree = "<group>";
		};
		A81519992A0C944E00595D6B /* System */ = {
			isa = PBXGroup;
			children = (
				A815199A2A0C946800595D6B /* DependencyInjector.swift */,
				A815199C2A0C947300595D6B /* AppState.swift */,
			);
			path = System;
			sourceTree = "<group>";
		};
		A815199E2A0C94DD00595D6B /* Interactor */ = {
			isa = PBXGroup;
			children = (
				A83E46282A13919200FF19AE /* General.swift */,
				A83E46232A0D2BD400FF19AE /* SystemInteractor.swift */,
				A83E46192A0CD3C200FF19AE /* DataInteractor.swift */,
				A83E461B2A0CD3CC00FF19AE /* PreferenceInteractor.swift */,
			);
			path = Interactor;
			sourceTree = "<group>";
		};
		A83E460F2A0CD30100FF19AE /* Domain */ = {
			isa = PBXGroup;
			children = (
				A83E46102A0CD31000FF19AE /* Repository.swift */,
			);
			path = Domain;
			sourceTree = "<group>";
		};
		A83E46122A0CD32A00FF19AE /* Repo */ = {
			isa = PBXGroup;
			children = (
				A81519922A0B5BFF00595D6B /* SQL */,
				A83E46132A0CD36200FF19AE /* Dao.swift */,
				A83E46152A0CD37F00FF19AE /* DataDao.swift */,
				A83E46172A0CD38E00FF19AE /* PreferenceDao.swift */,
			);
			path = Repo;
			sourceTree = "<group>";
		};
		A83E461D2A0CDA5A00FF19AE /* UI */ = {
			isa = PBXGroup;
			children = (
				A8D3212D287D225100216B61 /* ContentView.swift */,
				A8D3213E287D4FB600216B61 /* Component */,
				A8D32150287DBD3300216B61 /* View */,
			);
			path = UI;
			sourceTree = "<group>";
		};
		A83E461E2A0CDA8100FF19AE /* Internal */ = {
			isa = PBXGroup;
			children = (
				A8D32141287D52CD00216B61 /* Config */,
				A8D32148287D672100216B61 /* Extention */,
				A884C951288452AC00E30F86 /* Model */,
				A81519992A0C944E00595D6B /* System */,
				A815199E2A0C94DD00595D6B /* Interactor */,
				A83E460F2A0CD30100FF19AE /* Domain */,
				A83E46122A0CD32A00FF19AE /* Repo */,
			);
			path = Internal;
			sourceTree = "<group>";
		};
		A884C951288452AC00E30F86 /* Model */ = {
			isa = PBXGroup;
			children = (
				A884C98328885FE700E30F86 /* ButtonData.xcdatamodeld */,
				A884C95828845BE000E30F86 /* ButtonData.swift */,
				A884C95E2886736100E30F86 /* UserButton.swift */,
				A8A2C6F2288E75C400D75458 /* WidgetStatus.swift */,
				A8A2C6F528900EC800D75458 /* SwiftUIListReorder.swift */,
				A8111EC429C7A190002A980C /* Set.swift */,
			);
			path = Model;
			sourceTree = "<group>";
		};
		A8A2C6C3288E645B00D75458 /* Frameworks */ = {
			isa = PBXGroup;
			children = (
				A8A2C6C6288E645B00D75458 /* SwiftUI.framework */,
			);
			name = Frameworks;
			sourceTree = "<group>";
		};
		A8D3211F287D225100216B61 = {
			isa = PBXGroup;
			children = (
				A8D3212A287D225100216B61 /* Bito Pro Secret */,
				A8A2C6C3288E645B00D75458 /* Frameworks */,
				A8D32129287D225100216B61 /* Products */,
			);
			sourceTree = "<group>";
		};
		A8D32129287D225100216B61 /* Products */ = {
			isa = PBXGroup;
			children = (
				A8D32128287D225100216B61 /* Bito Pro Secret.app */,
			);
			name = Products;
			sourceTree = "<group>";
		};
		A8D3212A287D225100216B61 /* Bito Pro Secret */ = {
			isa = PBXGroup;
			children = (
				A8D3212B287D225100216B61 /* App.swift */,
				A83E461D2A0CDA5A00FF19AE /* UI */,
				A83E461E2A0CDA8100FF19AE /* Internal */,
				A8D3214B287D6A4700216B61 /* Bito-Pro-Secret-Info.plist */,
				A8D3212F287D225400216B61 /* Assets.xcassets */,
				A8D32134287D225400216B61 /* Bito_Pro_Secret.entitlements */,
				A8D32131287D225400216B61 /* Preview Content */,
			);
			path = "Bito Pro Secret";
			sourceTree = "<group>";
		};
		A8D32131287D225400216B61 /* Preview Content */ = {
			isa = PBXGroup;
			children = (
				A8D32132287D225400216B61 /* Preview Assets.xcassets */,
			);
			path = "Preview Content";
			sourceTree = "<group>";
		};
		A8D3213E287D4FB600216B61 /* Component */ = {
			isa = PBXGroup;
			children = (
				A8D3214E287D8AB400216B61 /* ButtonCustom.swift */,
				A8D32157287DD7F200216B61 /* TextLink.swift */,
				A81519972A0B88D400595D6B /* Feature.swift */,
				A83E46212A0D262200FF19AE /* ButtonPanel.swift */,
			);
			path = Component;
			sourceTree = "<group>";
		};
		A8D32141287D52CD00216B61 /* Config */ = {
			isa = PBXGroup;
			children = (
				A888FF222A610F3F002DC299 /* System.swift */,
				A8D32142287D52D600216B61 /* Secret.swift.backup */,
				A888FF202A610E21002DC299 /* Secret.swift */,
			);
			path = Config;
			sourceTree = "<group>";
		};
		A8D32148287D672100216B61 /* Extention */ = {
			isa = PBXGroup;
			children = (
				A8D32149287D672C00216B61 /* NSImage.swift */,
				A8D3214C287D7FBC00216B61 /* Color.swift */,
				A884C95C2884803F00E30F86 /* NSTableView.swift */,
				A8111EC229C787C3002A980C /* View.swift */,
				A836DEBF2A2E0F3F002DF658 /* NSAppearance.swift */,
			);
			path = Extention;
			sourceTree = "<group>";
		};
		A8D32150287DBD3300216B61 /* View */ = {
			isa = PBXGroup;
			children = (
				A884C96028867FCA00E30F86 /* Info.swift */,
				A884C986288861DC00E30F86 /* Setting.swift */,
				A80498AF28AAB83D0016146A /* Monitor.swift */,
				A8D32159287DD9D500216B61 /* Deployment.swift */,
				A8D32151287DBD4300216B61 /* Connecting.swift */,
				A8D3215B287DDA2500216B61 /* Other.swift */,
				A83E461F2A0CDC3400FF19AE /* CustomButton.swift */,
				A87D173429C5CD6300D8B331 /* Dev.swift */,
			);
			path = View;
			sourceTree = "<group>";
		};
/* End PBXGroup section */

/* Begin PBXNativeTarget section */
		A8D32127287D225100216B61 /* Bito Pro Secret */ = {
			isa = PBXNativeTarget;
			buildConfigurationList = A8D32137287D225400216B61 /* Build configuration list for PBXNativeTarget "Bito Pro Secret" */;
			buildPhases = (
				A8D32124287D225100216B61 /* Sources */,
				A8D32125287D225100216B61 /* Frameworks */,
				A8D32126287D225100216B61 /* Resources */,
				A8A2C6D5288E645C00D75458 /* Embed Foundation Extensions */,
			);
			buildRules = (
			);
			dependencies = (
			);
			name = "Bito Pro Secret";
			packageProductDependencies = (
				A8A32D882A687E1200090F1C /* Sparkle */,
				A8A32D8A2A687E1500090F1C /* Sworm */,
				A8A32D8C2A687E1700090F1C /* Ditto */,
			);
			productName = "Bito Pro Secret";
			productReference = A8D32128287D225100216B61 /* Bito Pro Secret.app */;
			productType = "com.apple.product-type.application";
		};
/* End PBXNativeTarget section */

/* Begin PBXProject section */
		A8D32120287D225100216B61 /* Project object */ = {
			isa = PBXProject;
			attributes = {
				BuildIndependentTargetsInParallel = 1;
				LastSwiftUpdateCheck = 1330;
				LastUpgradeCheck = 1420;
				TargetAttributes = {
					A8D32127287D225100216B61 = {
						CreatedOnToolsVersion = 13.3.1;
					};
				};
			};
			buildConfigurationList = A8D32123287D225100216B61 /* Build configuration list for PBXProject "Bito Pro Secret" */;
			compatibilityVersion = "Xcode 13.0";
			developmentRegion = en;
			hasScannedForEncodings = 0;
			knownRegions = (
				en,
				Base,
			);
			mainGroup = A8D3211F287D225100216B61;
			packageReferences = (
				A815198F2A0B4E4C00595D6B /* XCRemoteSwiftPackageReference "Ditto" */,
				A8F90F7E2A56A3DD003AE46E /* XCRemoteSwiftPackageReference "Sworm" */,
				A8A32D852A687A4600090F1C /* XCRemoteSwiftPackageReference "Sparkle" */,
			);
			productRefGroup = A8D32129287D225100216B61 /* Products */;
			projectDirPath = "";
			projectRoot = "";
			targets = (
				A8D32127287D225100216B61 /* Bito Pro Secret */,
			);
		};
/* End PBXProject section */

/* Begin PBXResourcesBuildPhase section */
		A8D32126287D225100216B61 /* Resources */ = {
			isa = PBXResourcesBuildPhase;
			buildActionMask = 2147483647;
			files = (
				A8D32133287D225400216B61 /* Preview Assets.xcassets in Resources */,
				A8D32130287D225400216B61 /* Assets.xcassets in Resources */,
			);
			runOnlyForDeploymentPostprocessing = 0;
		};
/* End PBXResourcesBuildPhase section */

/* Begin PBXSourcesBuildPhase section */
		A8D32124287D225100216B61 /* Sources */ = {
			isa = PBXSourcesBuildPhase;
			buildActionMask = 2147483647;
			files = (
				A83E46242A0D2BD400FF19AE /* SystemInteractor.swift in Sources */,
				A83E46182A0CD38E00FF19AE /* PreferenceDao.swift in Sources */,
				A87D173529C5CD6300D8B331 /* Dev.swift in Sources */,
				A8D3214F287D8AB400216B61 /* ButtonCustom.swift in Sources */,
				A8D3214A287D672C00216B61 /* NSImage.swift in Sources */,
				A884C95D2884803F00E30F86 /* NSTableView.swift in Sources */,
				A8A2C6F3288E75C400D75458 /* WidgetStatus.swift in Sources */,
				A8D3215A287DD9D500216B61 /* Deployment.swift in Sources */,
				A884C987288861DC00E30F86 /* Setting.swift in Sources */,
				A83E46162A0CD37F00FF19AE /* DataDao.swift in Sources */,
				A83E46222A0D262200FF19AE /* ButtonPanel.swift in Sources */,
				A8111EC529C7A190002A980C /* Set.swift in Sources */,
				A83E461C2A0CD3CC00FF19AE /* PreferenceInteractor.swift in Sources */,
				A8A2C6F628900EC800D75458 /* SwiftUIListReorder.swift in Sources */,
				A884C96128867FCA00E30F86 /* Info.swift in Sources */,
				A884C95928845BE000E30F86 /* ButtonData.swift in Sources */,
				A8111EC329C787C3002A980C /* View.swift in Sources */,
				A815199D2A0C947300595D6B /* AppState.swift in Sources */,
				A8D32158287DD7F200216B61 /* TextLink.swift in Sources */,
				A83E461A2A0CD3C200FF19AE /* DataInteractor.swift in Sources */,
				A80498B028AAB83D0016146A /* Monitor.swift in Sources */,
				A81519982A0B88D400595D6B /* Feature.swift in Sources */,
				A81519942A0B5C1600595D6B /* Table.swift in Sources */,
				A8D3212E287D225100216B61 /* ContentView.swift in Sources */,
				A888FF212A610E21002DC299 /* Secret.swift in Sources */,
				A8D32152287DBD4300216B61 /* Connecting.swift in Sources */,
				A8D3215C287DDA2500216B61 /* Other.swift in Sources */,
				A888FF232A610F3F002DC299 /* System.swift in Sources */,
				A884C98528885FE700E30F86 /* ButtonData.xcdatamodeld in Sources */,
				A83E46292A13919200FF19AE /* General.swift in Sources */,
				A83E46202A0CDC3400FF19AE /* CustomButton.swift in Sources */,
				A81519962A0B5C8200595D6B /* Value.swift in Sources */,
				A8D3212C287D225100216B61 /* App.swift in Sources */,
				A836DEC02A2E0F3F002DF658 /* NSAppearance.swift in Sources */,
				A884C95F2886736100E30F86 /* UserButton.swift in Sources */,
				A815199B2A0C946800595D6B /* DependencyInjector.swift in Sources */,
				A8D3214D287D7FBC00216B61 /* Color.swift in Sources */,
				A83E46142A0CD36200FF19AE /* Dao.swift in Sources */,
				A83E46112A0CD31000FF19AE /* Repository.swift in Sources */,
			);
			runOnlyForDeploymentPostprocessing = 0;
		};
/* End PBXSourcesBuildPhase section */

/* Begin XCBuildConfiguration section */
		A8D32135287D225400216B61 /* Debug */ = {
			isa = XCBuildConfiguration;
			buildSettings = {
				ALWAYS_SEARCH_USER_PATHS = NO;
				CLANG_ANALYZER_NONNULL = YES;
				CLANG_ANALYZER_NUMBER_OBJECT_CONVERSION = YES_AGGRESSIVE;
				CLANG_CXX_LANGUAGE_STANDARD = "gnu++17";
				CLANG_ENABLE_MODULES = YES;
				CLANG_ENABLE_OBJC_ARC = YES;
				CLANG_ENABLE_OBJC_WEAK = YES;
				CLANG_WARN_BLOCK_CAPTURE_AUTORELEASING = YES;
				CLANG_WARN_BOOL_CONVERSION = YES;
				CLANG_WARN_COMMA = YES;
				CLANG_WARN_CONSTANT_CONVERSION = YES;
				CLANG_WARN_DEPRECATED_OBJC_IMPLEMENTATIONS = YES;
				CLANG_WARN_DIRECT_OBJC_ISA_USAGE = YES_ERROR;
				CLANG_WARN_DOCUMENTATION_COMMENTS = YES;
				CLANG_WARN_EMPTY_BODY = YES;
				CLANG_WARN_ENUM_CONVERSION = YES;
				CLANG_WARN_INFINITE_RECURSION = YES;
				CLANG_WARN_INT_CONVERSION = YES;
				CLANG_WARN_NON_LITERAL_NULL_CONVERSION = YES;
				CLANG_WARN_OBJC_IMPLICIT_RETAIN_SELF = YES;
				CLANG_WARN_OBJC_LITERAL_CONVERSION = YES;
				CLANG_WARN_OBJC_ROOT_CLASS = YES_ERROR;
				CLANG_WARN_QUOTED_INCLUDE_IN_FRAMEWORK_HEADER = YES;
				CLANG_WARN_RANGE_LOOP_ANALYSIS = YES;
				CLANG_WARN_STRICT_PROTOTYPES = YES;
				CLANG_WARN_SUSPICIOUS_MOVE = YES;
				CLANG_WARN_UNGUARDED_AVAILABILITY = YES_AGGRESSIVE;
				CLANG_WARN_UNREACHABLE_CODE = YES;
				CLANG_WARN__DUPLICATE_METHOD_MATCH = YES;
				COPY_PHASE_STRIP = NO;
				DEAD_CODE_STRIPPING = YES;
				DEBUG_INFORMATION_FORMAT = dwarf;
				ENABLE_APP_SANDBOX = NO;
				ENABLE_STRICT_OBJC_MSGSEND = YES;
				ENABLE_TESTABILITY = YES;
				ENABLE_USER_SCRIPT_SANDBOXING = NO;
				GCC_C_LANGUAGE_STANDARD = gnu11;
				GCC_DYNAMIC_NO_PIC = NO;
				GCC_NO_COMMON_BLOCKS = YES;
				GCC_OPTIMIZATION_LEVEL = 0;
				GCC_PREPROCESSOR_DEFINITIONS = (
					"DEBUG=1",
					"$(inherited)",
				);
				GCC_WARN_64_TO_32_BIT_CONVERSION = YES;
				GCC_WARN_ABOUT_RETURN_TYPE = YES_ERROR;
				GCC_WARN_UNDECLARED_SELECTOR = YES;
				GCC_WARN_UNINITIALIZED_AUTOS = YES_AGGRESSIVE;
				GCC_WARN_UNUSED_FUNCTION = YES;
				GCC_WARN_UNUSED_VARIABLE = YES;
				MACOSX_DEPLOYMENT_TARGET = 12.0;
				MTL_ENABLE_DEBUG_INFO = INCLUDE_SOURCE;
				MTL_FAST_MATH = YES;
				ONLY_ACTIVE_ARCH = YES;
				SDKROOT = macosx;
				SWIFT_ACTIVE_COMPILATION_CONDITIONS = DEBUG;
				SWIFT_OPTIMIZATION_LEVEL = "-Onone";
			};
			name = Debug;
		};
		A8D32136287D225400216B61 /* Release */ = {
			isa = XCBuildConfiguration;
			buildSettings = {
				ALWAYS_SEARCH_USER_PATHS = NO;
				CLANG_ANALYZER_NONNULL = YES;
				CLANG_ANALYZER_NUMBER_OBJECT_CONVERSION = YES_AGGRESSIVE;
				CLANG_CXX_LANGUAGE_STANDARD = "gnu++17";
				CLANG_ENABLE_MODULES = YES;
				CLANG_ENABLE_OBJC_ARC = YES;
				CLANG_ENABLE_OBJC_WEAK = YES;
				CLANG_WARN_BLOCK_CAPTURE_AUTORELEASING = YES;
				CLANG_WARN_BOOL_CONVERSION = YES;
				CLANG_WARN_COMMA = YES;
				CLANG_WARN_CONSTANT_CONVERSION = YES;
				CLANG_WARN_DEPRECATED_OBJC_IMPLEMENTATIONS = YES;
				CLANG_WARN_DIRECT_OBJC_ISA_USAGE = YES_ERROR;
				CLANG_WARN_DOCUMENTATION_COMMENTS = YES;
				CLANG_WARN_EMPTY_BODY = YES;
				CLANG_WARN_ENUM_CONVERSION = YES;
				CLANG_WARN_INFINITE_RECURSION = YES;
				CLANG_WARN_INT_CONVERSION = YES;
				CLANG_WARN_NON_LITERAL_NULL_CONVERSION = YES;
				CLANG_WARN_OBJC_IMPLICIT_RETAIN_SELF = YES;
				CLANG_WARN_OBJC_LITERAL_CONVERSION = YES;
				CLANG_WARN_OBJC_ROOT_CLASS = YES_ERROR;
				CLANG_WARN_QUOTED_INCLUDE_IN_FRAMEWORK_HEADER = YES;
				CLANG_WARN_RANGE_LOOP_ANALYSIS = YES;
				CLANG_WARN_STRICT_PROTOTYPES = YES;
				CLANG_WARN_SUSPICIOUS_MOVE = YES;
				CLANG_WARN_UNGUARDED_AVAILABILITY = YES_AGGRESSIVE;
				CLANG_WARN_UNREACHABLE_CODE = YES;
				CLANG_WARN__DUPLICATE_METHOD_MATCH = YES;
				COPY_PHASE_STRIP = NO;
				DEAD_CODE_STRIPPING = YES;
				DEBUG_INFORMATION_FORMAT = "dwarf-with-dsym";
				ENABLE_APP_SANDBOX = NO;
				ENABLE_NS_ASSERTIONS = NO;
				ENABLE_STRICT_OBJC_MSGSEND = YES;
				ENABLE_USER_SCRIPT_SANDBOXING = NO;
				GCC_C_LANGUAGE_STANDARD = gnu11;
				GCC_NO_COMMON_BLOCKS = YES;
				GCC_WARN_64_TO_32_BIT_CONVERSION = YES;
				GCC_WARN_ABOUT_RETURN_TYPE = YES_ERROR;
				GCC_WARN_UNDECLARED_SELECTOR = YES;
				GCC_WARN_UNINITIALIZED_AUTOS = YES_AGGRESSIVE;
				GCC_WARN_UNUSED_FUNCTION = YES;
				GCC_WARN_UNUSED_VARIABLE = YES;
				INFOPLIST_KEY_CFBundleDisplayName = Turtle;
				MACOSX_DEPLOYMENT_TARGET = 12.0;
				MTL_ENABLE_DEBUG_INFO = NO;
				MTL_FAST_MATH = YES;
				ONLY_ACTIVE_ARCH = NO;
				SDKROOT = macosx;
				SWIFT_COMPILATION_MODE = wholemodule;
				SWIFT_OPTIMIZATION_LEVEL = "-O";
			};
			name = Release;
		};
		A8D32138287D225400216B61 /* Debug */ = {
			isa = XCBuildConfiguration;
			buildSettings = {
				ALWAYS_EMBED_SWIFT_STANDARD_LIBRARIES = NO;
				ASSETCATALOG_COMPILER_APPICON_NAME = AppIcon;
				ASSETCATALOG_COMPILER_GLOBAL_ACCENT_COLOR_NAME = AccentColor;
				CODE_SIGN_ENTITLEMENTS = "Bito Pro Secret/Bito_Pro_Secret.entitlements";
				CODE_SIGN_IDENTITY = "Apple Development";
				"CODE_SIGN_IDENTITY[sdk=macosx*]" = "Apple Development";
				CODE_SIGN_STYLE = Automatic;
				COMBINE_HIDPI_IMAGES = YES;
				CURRENT_PROJECT_VERSION = 1T81Y;
				DEAD_CODE_STRIPPING = NO;
				DEVELOPMENT_ASSET_PATHS = "\"Bito Pro Secret/Preview Content\"";
				DEVELOPMENT_TEAM = Y366CJ66L6;
				ENABLE_HARDENED_RUNTIME = YES;
				ENABLE_PREVIEWS = YES;
				GENERATE_INFOPLIST_FILE = YES;
				INFOPLIST_FILE = "Bito-Pro-Secret-Info.plist";
				INFOPLIST_KEY_LSApplicationCategoryType = "public.app-category.developer-tools";
				INFOPLIST_KEY_LSUIElement = YES;
				INFOPLIST_KEY_NSHumanReadableCopyright = "";
				LD_RUNPATH_SEARCH_PATHS = (
					"$(inherited)",
					"@executable_path/../Frameworks",
				);
				MACOSX_DEPLOYMENT_TARGET = 13.0;
				MARKETING_VERSION = 0.8.1;
				PRODUCT_BUNDLE_IDENTIFIER = "com.yanunyang.Bito-Pro-Secret";
				PRODUCT_NAME = "$(TARGET_NAME)";
				SWIFT_EMIT_LOC_STRINGS = YES;
				SWIFT_VERSION = 5.0;
			};
			name = Debug;
		};
		A8D32139287D225400216B61 /* Release */ = {
			isa = XCBuildConfiguration;
			buildSettings = {
				ALWAYS_EMBED_SWIFT_STANDARD_LIBRARIES = NO;
				ASSETCATALOG_COMPILER_APPICON_NAME = AppIcon;
				ASSETCATALOG_COMPILER_GLOBAL_ACCENT_COLOR_NAME = AccentColor;
				CODE_SIGN_ENTITLEMENTS = "Bito Pro Secret/Bito_Pro_Secret.entitlements";
				CODE_SIGN_IDENTITY = "Apple Development";
				"CODE_SIGN_IDENTITY[sdk=macosx*]" = "Apple Development";
				CODE_SIGN_STYLE = Automatic;
				COMBINE_HIDPI_IMAGES = YES;
				CURRENT_PROJECT_VERSION = 1T81Y;
				DEAD_CODE_STRIPPING = NO;
				DEVELOPMENT_ASSET_PATHS = "\"Bito Pro Secret/Preview Content\"";
				DEVELOPMENT_TEAM = Y366CJ66L6;
				ENABLE_HARDENED_RUNTIME = YES;
				ENABLE_PREVIEWS = YES;
				GENERATE_INFOPLIST_FILE = YES;
				INFOPLIST_FILE = "Bito-Pro-Secret-Info.plist";
				INFOPLIST_KEY_LSApplicationCategoryType = "public.app-category.developer-tools";
				INFOPLIST_KEY_LSUIElement = YES;
				INFOPLIST_KEY_NSHumanReadableCopyright = "";
				LD_RUNPATH_SEARCH_PATHS = (
					"$(inherited)",
					"@executable_path/../Frameworks",
				);
				MACOSX_DEPLOYMENT_TARGET = 13.0;
				MARKETING_VERSION = 0.8.1;
				PRODUCT_BUNDLE_IDENTIFIER = "com.yanunyang.Bito-Pro-Secret";
				PRODUCT_NAME = "$(TARGET_NAME)";
				SWIFT_EMIT_LOC_STRINGS = YES;
				SWIFT_VERSION = 5.0;
			};
			name = Release;
		};
/* End XCBuildConfiguration section */

/* Begin XCConfigurationList section */
		A8D32123287D225100216B61 /* Build configuration list for PBXProject "Bito Pro Secret" */ = {
			isa = XCConfigurationList;
			buildConfigurations = (
				A8D32135287D225400216B61 /* Debug */,
				A8D32136287D225400216B61 /* Release */,
			);
			defaultConfigurationIsVisible = 0;
			defaultConfigurationName = Release;
		};
		A8D32137287D225400216B61 /* Build configuration list for PBXNativeTarget "Bito Pro Secret" */ = {
			isa = XCConfigurationList;
			buildConfigurations = (
				A8D32138287D225400216B61 /* Debug */,
				A8D32139287D225400216B61 /* Release */,
			);
			defaultConfigurationIsVisible = 0;
			defaultConfigurationName = Release;
		};
/* End XCConfigurationList section */

/* Begin XCRemoteSwiftPackageReference section */
		A815198F2A0B4E4C00595D6B /* XCRemoteSwiftPackageReference "Ditto" */ = {
			isa = XCRemoteSwiftPackageReference;
			repositoryURL = "https://github.com/yanun0323/Ditto";
			requirement = {
				branch = master;
				kind = branch;
			};
		};
		A8A32D852A687A4600090F1C /* XCRemoteSwiftPackageReference "Sparkle" */ = {
			isa = XCRemoteSwiftPackageReference;
			repositoryURL = "https://github.com/sparkle-project/Sparkle";
			requirement = {
				kind = upToNextMajorVersion;
				minimumVersion = 2.0.0;
			};
		};
		A8F90F7E2A56A3DD003AE46E /* XCRemoteSwiftPackageReference "Sworm" */ = {
			isa = XCRemoteSwiftPackageReference;
			repositoryURL = "https://github.com/yanun0323/Sworm";
			requirement = {
				kind = upToNextMajorVersion;
				minimumVersion = 0.1.0;
			};
		};
/* End XCRemoteSwiftPackageReference section */

/* Begin XCSwiftPackageProductDependency section */
		A8A32D882A687E1200090F1C /* Sparkle */ = {
			isa = XCSwiftPackageProductDependency;
			package = A8A32D852A687A4600090F1C /* XCRemoteSwiftPackageReference "Sparkle" */;
			productName = Sparkle;
		};
		A8A32D8A2A687E1500090F1C /* Sworm */ = {
			isa = XCSwiftPackageProductDependency;
			package = A8F90F7E2A56A3DD003AE46E /* XCRemoteSwiftPackageReference "Sworm" */;
			productName = Sworm;
		};
		A8A32D8C2A687E1700090F1C /* Ditto */ = {
			isa = XCSwiftPackageProductDependency;
			package = A815198F2A0B4E4C00595D6B /* XCRemoteSwiftPackageReference "Ditto" */;
			productName = Ditto;
		};
/* End XCSwiftPackageProductDependency section */

/* Begin XCVersionGroup section */
		A884C98328885FE700E30F86 /* ButtonData.xcdatamodeld */ = {
			isa = XCVersionGroup;
			children = (
				A884C98428885FE700E30F86 /* ButtonData.xcdatamodel */,
			);
			currentVersion = A884C98428885FE700E30F86 /* ButtonData.xcdatamodel */;
			path = ButtonData.xcdatamodeld;
			sourceTree = "<group>";
			versionGroupType = wrapper.xcdatamodel;
		};
/* End XCVersionGroup section */
	};
	rootObject = A8D32120287D225100216B61 /* Project object */;
}
